
Microsoft Visual Studio Solution File, Format Version 12.00
# Visual Studio 15
VisualStudioVersion = 15.0.28307.1267
MinimumVisualStudioVersion = 10.0.40219.1
Project("{FAE04EC0-301F-11D3-BF4B-00C04F79EFBC}") = "ExcelApp", "ExcelApp\ExcelApp.csproj", "{79626799-0F6E-4CDC-9BBA-B2DA34DB5091}"
EndProject
Project("{FAE04EC0-301F-11D3-BF4B-00C04F79EFBC}") = "ExcelServices", "ExcelServices\ExcelServices.csproj", "{B8D90AD2-5DF5-457E-9389-B36B45D25C26}"
EndProject
Project("{FAE04EC0-301F-11D3-BF4B-00C04F79EFBC}") = "CommandLineParser", "CommandLine\CommandLineParser.csproj", "{7DA3A20D-6A81-40E4-ADDD-ABD21A76D180}"
EndProject
Project("{FAE04EC0-301F-11D3-BF4B-00C04F79EFBC}") = "Logging", "Logging\Logging.csproj", "{EBFB9D66-7CCA-486B-8BAE-899D849DBDA9}"
EndProject
Global
	GlobalSection(SolutionConfigurationPlatforms) = preSolution
		Debug|Any CPU = Debug|Any CPU
		Release|Any CPU = Release|Any CPU
	EndGlobalSection
	GlobalSection(ProjectConfigurationPlatforms) = postSolution
		{79626799-0F6E-4CDC-9BBA-B2DA34DB5091}.Debug|Any CPU.ActiveCfg = Debug|Any CPU
		{79626799-0F6E-4CDC-9BBA-B2DA34DB5091}.Debug|Any CPU.Build.0 = Debug|Any CPU
		{79626799-0F6E-4CDC-9BBA-B2DA34DB5091}.Release|Any CPU.ActiveCfg = Release|Any CPU
		{79626799-0F6E-4CDC-9BBA-B2DA34DB5091}.Release|Any CPU.Build.0 = Release|Any CPU
		{B8D90AD2-5DF5-457E-9389-B36B45D25C26}.Debug|Any CPU.ActiveCfg = Debug|Any CPU
		{B8D90AD2-5DF5-457E-9389-B36B45D25C26}.Debug|Any CPU.Build.0 = Debug|Any CPU
		{B8D90AD2-5DF5-457E-9389-B36B45D25C26}.Release|Any CPU.ActiveCfg = Release|Any CPU
		{B8D90AD2-5DF5-457E-9389-B36B45D25C26}.Release|Any CPU.Build.0 = Release|Any CPU
		{7DA3A20D-6A81-40E4-ADDD-ABD21A76D180}.Debug|Any CPU.ActiveCfg = Debug|Any CPU
		{7DA3A20D-6A81-40E4-ADDD-ABD21A76D180}.Debug|Any CPU.Build.0 = Debug|Any CPU
		{7DA3A20D-6A81-40E4-ADDD-ABD21A76D180}.Release|Any CPU.ActiveCfg = Release|Any CPU
		{7DA3A20D-6A81-40E4-ADDD-ABD21A76D180}.Release|Any CPU.Build.0 = Release|Any CPU
		{EBFB9D66-7CCA-486B-8BAE-899D849DBDA9}.Debug|Any CPU.ActiveCfg = Debug|Any CPU
		{EBFB9D66-7CCA-486B-8BAE-899D849DBDA9}.Debug|Any CPU.Build.0 = Debug|Any CPU
		{EBFB9D66-7CCA-486B-8BAE-899D849DBDA9}.Release|Any CPU.ActiveCfg = Release|Any CPU
		{EBFB9D66-7CCA-486B-8BAE-899D849DBDA9}.Release|Any CPU.Build.0 = Release|Any CPU
	EndGlobalSection
	GlobalSection(SolutionProperties) = preSolution
		HideSolutionNode = FALSE
	EndGlobalSection
	GlobalSection(ExtensibilityGlobals) = postSolution
		SolutionGuid = {E13A1421-3F64-400B-9894-9F444D5FFEC5}
	EndGlobalSection
EndGlobal
