
Microsoft Visual Studio Solution File, Format Version 12.00
# Visual Studio Version 17
VisualStudioVersion = 17.1.32421.90
MinimumVisualStudioVersion = 10.0.40219.1
Project("{FAE04EC0-301F-11D3-BF4B-00C04F79EFBC}") = "ExcelApp", "ExcelApp\ExcelApp.csproj", "{79626799-0F6E-4CDC-9BBA-B2DA34DB5091}"
EndProject
Project("{FAE04EC0-301F-11D3-BF4B-00C04F79EFBC}") = "ExcelServices", "ExcelServices\ExcelServices.csproj", "{B8D90AD2-5DF5-457E-9389-B36B45D25C26}"
EndProject
Project("{FAE04EC0-301F-11D3-BF4B-00C04F79EFBC}") = "CommandLineParser", "CommandLine\CommandLineParser.csproj", "{7DA3A20D-6A81-40E4-ADDD-ABD21A76D180}"
EndProject
Project("{FAE04EC0-301F-11D3-BF4B-00C04F79EFBC}") = "Logging", "Logging\Logging.csproj", "{EBFB9D66-7CCA-486B-8BAE-899D849DBDA9}"
EndProject
Project("{FAE04EC0-301F-11D3-BF4B-00C04F79EFBC}") = "TestCommandLineParser", "TestCommandLineParser\TestCommandLineParser.csproj", "{9E20E925-473A-451C-8C27-1B38CBEE936D}"
EndProject
Project("{FAE04EC0-301F-11D3-BF4B-00C04F79EFBC}") = "TestVbaServices", "TestVbaServices\TestVbaServices.csproj", "{9034797E-BCF4-425E-939F-CED59969F665}"
EndProject
Project("{FAE04EC0-301F-11D3-BF4B-00C04F79EFBC}") = "VbaServices", "VbaService\VbaServices.csproj", "{7AF891ED-A680-4EFB-A08B-E863A657560A}"
EndProject
Global
	GlobalSection(SolutionConfigurationPlatforms) = preSolution
		Debug|Any CPU = Debug|Any CPU
		Release|Any CPU = Release|Any CPU
	EndGlobalSection
	GlobalSection(ProjectConfigurationPlatforms) = postSolution
		{79626799-0F6E-4CDC-9BBA-B2DA34DB5091}.Debug|Any CPU.ActiveCfg = Debug|Any CPU
		{79626799-0F6E-4CDC-9BBA-B2DA34DB5091}.Debug|Any CPU.Build.0 = Debug|Any CPU
		{79626799-0F6E-4CDC-9BBA-B2DA34DB5091}.Release|Any CPU.ActiveCfg = Release|Any CPU
		{79626799-0F6E-4CDC-9BBA-B2DA34DB5091}.Release|Any CPU.Build.0 = Release|Any CPU
		{B8D90AD2-5DF5-457E-9389-B36B45D25C26}.Debug|Any CPU.ActiveCfg = Debug|Any CPU
		{B8D90AD2-5DF5-457E-9389-B36B45D25C26}.Debug|Any CPU.Build.0 = Debug|Any CPU
		{B8D90AD2-5DF5-457E-9389-B36B45D25C26}.Release|Any CPU.ActiveCfg = Release|Any CPU
		{B8D90AD2-5DF5-457E-9389-B36B45D25C26}.Release|Any CPU.Build.0 = Release|Any CPU
		{7DA3A20D-6A81-40E4-ADDD-ABD21A76D180}.Debug|Any CPU.ActiveCfg = Debug|Any CPU
		{7DA3A20D-6A81-40E4-ADDD-ABD21A76D180}.Debug|Any CPU.Build.0 = Debug|Any CPU
		{7DA3A20D-6A81-40E4-ADDD-ABD21A76D180}.Release|Any CPU.ActiveCfg = Release|Any CPU
		{7DA3A20D-6A81-40E4-ADDD-ABD21A76D180}.Release|Any CPU.Build.0 = Release|Any CPU
		{EBFB9D66-7CCA-486B-8BAE-899D849DBDA9}.Debug|Any CPU.ActiveCfg = Debug|Any CPU
		{EBFB9D66-7CCA-486B-8BAE-899D849DBDA9}.Debug|Any CPU.Build.0 = Debug|Any CPU
		{EBFB9D66-7CCA-486B-8BAE-899D849DBDA9}.Release|Any CPU.ActiveCfg = Release|Any CPU
		{EBFB9D66-7CCA-486B-8BAE-899D849DBDA9}.Release|Any CPU.Build.0 = Release|Any CPU
		{9E20E925-473A-451C-8C27-1B38CBEE936D}.Debug|Any CPU.ActiveCfg = Debug|Any CPU
		{9E20E925-473A-451C-8C27-1B38CBEE936D}.Debug|Any CPU.Build.0 = Debug|Any CPU
		{9E20E925-473A-451C-8C27-1B38CBEE936D}.Release|Any CPU.ActiveCfg = Release|Any CPU
		{9E20E925-473A-451C-8C27-1B38CBEE936D}.Release|Any CPU.Build.0 = Release|Any CPU
		{9034797E-BCF4-425E-939F-CED59969F665}.Debug|Any CPU.ActiveCfg = Debug|Any CPU
		{9034797E-BCF4-425E-939F-CED59969F665}.Debug|Any CPU.Build.0 = Debug|Any CPU
		{9034797E-BCF4-425E-939F-CED59969F665}.Release|Any CPU.ActiveCfg = Release|Any CPU
		{9034797E-BCF4-425E-939F-CED59969F665}.Release|Any CPU.Build.0 = Release|Any CPU
		{7AF891ED-A680-4EFB-A08B-E863A657560A}.Debug|Any CPU.ActiveCfg = Debug|Any CPU
		{7AF891ED-A680-4EFB-A08B-E863A657560A}.Debug|Any CPU.Build.0 = Debug|Any CPU
		{7AF891ED-A680-4EFB-A08B-E863A657560A}.Release|Any CPU.ActiveCfg = Release|Any CPU
		{7AF891ED-A680-4EFB-A08B-E863A657560A}.Release|Any CPU.Build.0 = Release|Any CPU
	EndGlobalSection
	GlobalSection(SolutionProperties) = preSolution
		HideSolutionNode = FALSE
	EndGlobalSection
	GlobalSection(ExtensibilityGlobals) = postSolution
		SolutionGuid = {E13A1421-3F64-400B-9894-9F444D5FFEC5}
	EndGlobalSection
EndGlobal
